
Microsoft Visual Studio Solution File, Format Version 12.00
# Visual Studio Version 17
VisualStudioVersion = 17.5.002.0
MinimumVisualStudioVersion = 10.0.40219.1
Project("{9A19103F-16F7-4668-BE54-9A1E7A4F7556}") = "CAB301-AS1-v2", "CAB301-AS1-v2.csproj", "{F4D3246F-4B29-4598-9FF7-D54348F2AF3F}"
EndProject
Global
	GlobalSection(SolutionConfigurationPlatforms) = preSolution
		Debug|Any CPU = Debug|Any CPU
		Release|Any CPU = Release|Any CPU
	EndGlobalSection
	GlobalSection(ProjectConfigurationPlatforms) = postSolution
		{F4D3246F-4B29-4598-9FF7-D54348F2AF3F}.Debug|Any CPU.ActiveCfg = Debug|Any CPU
		{F4D3246F-4B29-4598-9FF7-D54348F2AF3F}.Debug|Any CPU.Build.0 = Debug|Any CPU
		{F4D3246F-4B29-4598-9FF7-D54348F2AF3F}.Release|Any CPU.ActiveCfg = Release|Any CPU
		{F4D3246F-4B29-4598-9FF7-D54348F2AF3F}.Release|Any CPU.Build.0 = Release|Any CPU
	EndGlobalSection
	GlobalSection(SolutionProperties) = preSolution
		HideSolutionNode = FALSE
	EndGlobalSection
	GlobalSection(ExtensibilityGlobals) = postSolution
		SolutionGuid = {0E7E4666-42FD-453E-A4E8-A881F141AA8F}
	EndGlobalSection
EndGlobal
